
Microsoft Visual Studio Solution File, Format Version 12.00
# Visual Studio Version 17
VisualStudioVersion = 17.6.33829.357
MinimumVisualStudioVersion = 10.0.40219.1
Project("{FAE04EC0-301F-11D3-BF4B-00C04F79EFBC}") = "Ch23Factorial", "Ch23Factorial\Ch23Factorial.csproj", "{2656CF90-779E-4337-AD9E-13E1366247DE}"
EndProject
Global
	GlobalSection(SolutionConfigurationPlatforms) = preSolution
		Debug|Any CPU = Debug|Any CPU
		Release|Any CPU = Release|Any CPU
	EndGlobalSection
	GlobalSection(ProjectConfigurationPlatforms) = postSolution
		{2656CF90-779E-4337-AD9E-13E1366247DE}.Debug|Any CPU.ActiveCfg = Debug|Any CPU
		{2656CF90-779E-4337-AD9E-13E1366247DE}.Debug|Any CPU.Build.0 = Debug|Any CPU
		{2656CF90-779E-4337-AD9E-13E1366247DE}.Release|Any CPU.ActiveCfg = Release|Any CPU
		{2656CF90-779E-4337-AD9E-13E1366247DE}.Release|Any CPU.Build.0 = Release|Any CPU
	EndGlobalSection
	GlobalSection(SolutionProperties) = preSolution
		HideSolutionNode = FALSE
	EndGlobalSection
	GlobalSection(ExtensibilityGlobals) = postSolution
		SolutionGuid = {26A69F86-34E3-4038-A837-39EC3986EC72}
	EndGlobalSection
EndGlobal
