
Microsoft Visual Studio Solution File, Format Version 12.00
# Visual Studio Version 17
VisualStudioVersion = 17.5.33627.172
MinimumVisualStudioVersion = 10.0.40219.1
Project("{FAE04EC0-301F-11D3-BF4B-00C04F79EFBC}") = "GenericArrayDisplay", "GenericArrayDisplay\GenericArrayDisplay.csproj", "{655F58E8-FB5A-46F7-9FE8-7BB8149F9F1B}"
EndProject
Global
	GlobalSection(SolutionConfigurationPlatforms) = preSolution
		Debug|Any CPU = Debug|Any CPU
		Release|Any CPU = Release|Any CPU
	EndGlobalSection
	GlobalSection(ProjectConfigurationPlatforms) = postSolution
		{655F58E8-FB5A-46F7-9FE8-7BB8149F9F1B}.Debug|Any CPU.ActiveCfg = Debug|Any CPU
		{655F58E8-FB5A-46F7-9FE8-7BB8149F9F1B}.Debug|Any CPU.Build.0 = Debug|Any CPU
		{655F58E8-FB5A-46F7-9FE8-7BB8149F9F1B}.Release|Any CPU.ActiveCfg = Release|Any CPU
		{655F58E8-FB5A-46F7-9FE8-7BB8149F9F1B}.Release|Any CPU.Build.0 = Release|Any CPU
	EndGlobalSection
	GlobalSection(SolutionProperties) = preSolution
		HideSolutionNode = FALSE
	EndGlobalSection
	GlobalSection(ExtensibilityGlobals) = postSolution
		SolutionGuid = {C277C44D-2A40-405F-8958-96E6C6DE2D30}
	EndGlobalSection
EndGlobal
