
Microsoft Visual Studio Solution File, Format Version 12.00
# Visual Studio Version 17
VisualStudioVersion = 17.6.33829.357
MinimumVisualStudioVersion = 10.0.40219.1
Project("{FAE04EC0-301F-11D3-BF4B-00C04F79EFBC}") = "Ch21LINQPayroll", "Ch21LINQPayroll\Ch21LINQPayroll.csproj", "{61CAE628-043F-4C6D-A4B5-4CEF973327AF}"
EndProject
Global
	GlobalSection(SolutionConfigurationPlatforms) = preSolution
		Debug|Any CPU = Debug|Any CPU
		Release|Any CPU = Release|Any CPU
	EndGlobalSection
	GlobalSection(ProjectConfigurationPlatforms) = postSolution
		{61CAE628-043F-4C6D-A4B5-4CEF973327AF}.Debug|Any CPU.ActiveCfg = Debug|Any CPU
		{61CAE628-043F-4C6D-A4B5-4CEF973327AF}.Debug|Any CPU.Build.0 = Debug|Any CPU
		{61CAE628-043F-4C6D-A4B5-4CEF973327AF}.Release|Any CPU.ActiveCfg = Release|Any CPU
		{61CAE628-043F-4C6D-A4B5-4CEF973327AF}.Release|Any CPU.Build.0 = Release|Any CPU
	EndGlobalSection
	GlobalSection(SolutionProperties) = preSolution
		HideSolutionNode = FALSE
	EndGlobalSection
	GlobalSection(ExtensibilityGlobals) = postSolution
		SolutionGuid = {C7A339A4-EB8F-4264-85C4-5EC6C4B87592}
	EndGlobalSection
EndGlobal
